
Microsoft Visual Studio Solution File, Format Version 12.00
# Visual Studio Version 16
VisualStudioVersion = 16.0.31313.79
MinimumVisualStudioVersion = 10.0.40219.1
Project("{9A19103F-16F7-4668-BE54-9A1E7A4F7556}") = "Bot", "AnilistESP\Bot.csproj", "{C4A3C854-2C6F-4FDB-8C53-E6871EDFAC99}"
EndProject
Project("{2150E333-8FDC-42A3-9474-1A3956D46DE8}") = "Solution Items", "Solution Items", "{A29E25C7-7951-4C02-BF87-FACCE87E68FB}"
	ProjectSection(SolutionItems) = preProject
		.editorconfig = .editorconfig
	EndProjectSection
EndProject
Global
	GlobalSection(SolutionConfigurationPlatforms) = preSolution
		Debug|Any CPU = Debug|Any CPU
		Release|Any CPU = Release|Any CPU
	EndGlobalSection
	GlobalSection(ProjectConfigurationPlatforms) = postSolution
		{C4A3C854-2C6F-4FDB-8C53-E6871EDFAC99}.Debug|Any CPU.ActiveCfg = Debug|Any CPU
		{C4A3C854-2C6F-4FDB-8C53-E6871EDFAC99}.Debug|Any CPU.Build.0 = Debug|Any CPU
		{C4A3C854-2C6F-4FDB-8C53-E6871EDFAC99}.Release|Any CPU.ActiveCfg = Release|Any CPU
		{C4A3C854-2C6F-4FDB-8C53-E6871EDFAC99}.Release|Any CPU.Build.0 = Release|Any CPU
	EndGlobalSection
	GlobalSection(SolutionProperties) = preSolution
		HideSolutionNode = FALSE
	EndGlobalSection
	GlobalSection(ExtensibilityGlobals) = postSolution
		SolutionGuid = {0AC599F3-605D-47E3-A15B-F645040E0B57}
	EndGlobalSection
EndGlobal
